
Microsoft Visual Studio Solution File, Format Version 12.00
# Visual Studio Version 17
VisualStudioVersion = 17.4.33213.308
MinimumVisualStudioVersion = 10.0.40219.1
Project("{FAE04EC0-301F-11D3-BF4B-00C04F79EFBC}") = "WebMyChart", "WebMyChart\WebMyChart.csproj", "{FEC1E39E-487D-4375-A39D-7F96B4B0E7AD}"
EndProject
Global
	GlobalSection(SolutionConfigurationPlatforms) = preSolution
		Debug|Any CPU = Debug|Any CPU
		Release|Any CPU = Release|Any CPU
	EndGlobalSection
	GlobalSection(ProjectConfigurationPlatforms) = postSolution
		{FEC1E39E-487D-4375-A39D-7F96B4B0E7AD}.Debug|Any CPU.ActiveCfg = Debug|Any CPU
		{FEC1E39E-487D-4375-A39D-7F96B4B0E7AD}.Debug|Any CPU.Build.0 = Debug|Any CPU
		{FEC1E39E-487D-4375-A39D-7F96B4B0E7AD}.Release|Any CPU.ActiveCfg = Release|Any CPU
		{FEC1E39E-487D-4375-A39D-7F96B4B0E7AD}.Release|Any CPU.Build.0 = Release|Any CPU
	EndGlobalSection
	GlobalSection(SolutionProperties) = preSolution
		HideSolutionNode = FALSE
	EndGlobalSection
	GlobalSection(ExtensibilityGlobals) = postSolution
		SolutionGuid = {A2903B99-EE21-4668-B32B-2BB4F4F8FB49}
	EndGlobalSection
EndGlobal
